
Microsoft Visual Studio Solution File, Format Version 12.00
# Visual Studio Version 17
VisualStudioVersion = 17.14.36109.1
MinimumVisualStudioVersion = 10.0.40219.1
Project("{9A19103F-16F7-4668-BE54-9A1E7A4F7556}") = "RichTextCleaner", "RichTextCleaner\RichTextCleaner.csproj", "{E1D54537-9CA5-483D-8281-76FB61AF43B7}"
EndProject
Project("{9A19103F-16F7-4668-BE54-9A1E7A4F7556}") = "RichTextCleaner.Common", "RichTextCleaner.Common\RichTextCleaner.Common.csproj", "{3CEB0F31-E2C7-48E2-866A-B4A9C0F3AF3D}"
EndProject
Project("{2150E333-8FDC-42A3-9474-1A3956D46DE8}") = "Solution Items", "Solution Items", "{ABAAAAC5-10DA-41DF-A104-682308D85E96}"
	ProjectSection(SolutionItems) = preProject
		.editorconfig = .editorconfig
	EndProjectSection
EndProject
Project("{FAE04EC0-301F-11D3-BF4B-00C04F79EFBC}") = "RichTextCleaner.Test", "RichTextCleaner.Test\RichTextCleaner.Test.csproj", "{A904EEFC-C4C1-4FFB-80CC-A7AB6147D218}"
EndProject
Global
	GlobalSection(SolutionConfigurationPlatforms) = preSolution
		Debug|Any CPU = Debug|Any CPU
		Debug|ARM = Debug|ARM
		Debug|ARM64 = Debug|ARM64
		Debug|x64 = Debug|x64
		Debug|x86 = Debug|x86
		Release|Any CPU = Release|Any CPU
		Release|ARM = Release|ARM
		Release|ARM64 = Release|ARM64
		Release|x64 = Release|x64
		Release|x86 = Release|x86
	EndGlobalSection
	GlobalSection(ProjectConfigurationPlatforms) = postSolution
		{E1D54537-9CA5-483D-8281-76FB61AF43B7}.Debug|Any CPU.ActiveCfg = Debug|Any CPU
		{E1D54537-9CA5-483D-8281-76FB61AF43B7}.Debug|Any CPU.Build.0 = Debug|Any CPU
		{E1D54537-9CA5-483D-8281-76FB61AF43B7}.Debug|ARM.ActiveCfg = Debug|Any CPU
		{E1D54537-9CA5-483D-8281-76FB61AF43B7}.Debug|ARM.Build.0 = Debug|Any CPU
		{E1D54537-9CA5-483D-8281-76FB61AF43B7}.Debug|ARM64.ActiveCfg = Debug|Any CPU
		{E1D54537-9CA5-483D-8281-76FB61AF43B7}.Debug|ARM64.Build.0 = Debug|Any CPU
		{E1D54537-9CA5-483D-8281-76FB61AF43B7}.Debug|x64.ActiveCfg = Debug|Any CPU
		{E1D54537-9CA5-483D-8281-76FB61AF43B7}.Debug|x64.Build.0 = Debug|Any CPU
		{E1D54537-9CA5-483D-8281-76FB61AF43B7}.Debug|x86.ActiveCfg = Debug|Any CPU
		{E1D54537-9CA5-483D-8281-76FB61AF43B7}.Debug|x86.Build.0 = Debug|Any CPU
		{E1D54537-9CA5-483D-8281-76FB61AF43B7}.Release|Any CPU.ActiveCfg = Release|Any CPU
		{E1D54537-9CA5-483D-8281-76FB61AF43B7}.Release|Any CPU.Build.0 = Release|Any CPU
		{E1D54537-9CA5-483D-8281-76FB61AF43B7}.Release|ARM.ActiveCfg = Release|Any CPU
		{E1D54537-9CA5-483D-8281-76FB61AF43B7}.Release|ARM.Build.0 = Release|Any CPU
		{E1D54537-9CA5-483D-8281-76FB61AF43B7}.Release|ARM64.ActiveCfg = Release|Any CPU
		{E1D54537-9CA5-483D-8281-76FB61AF43B7}.Release|ARM64.Build.0 = Release|Any CPU
		{E1D54537-9CA5-483D-8281-76FB61AF43B7}.Release|x64.ActiveCfg = Release|Any CPU
		{E1D54537-9CA5-483D-8281-76FB61AF43B7}.Release|x64.Build.0 = Release|Any CPU
		{E1D54537-9CA5-483D-8281-76FB61AF43B7}.Release|x86.ActiveCfg = Release|Any CPU
		{E1D54537-9CA5-483D-8281-76FB61AF43B7}.Release|x86.Build.0 = Release|Any CPU
		{3CEB0F31-E2C7-48E2-866A-B4A9C0F3AF3D}.Debug|Any CPU.ActiveCfg = Debug|Any CPU
		{3CEB0F31-E2C7-48E2-866A-B4A9C0F3AF3D}.Debug|Any CPU.Build.0 = Debug|Any CPU
		{3CEB0F31-E2C7-48E2-866A-B4A9C0F3AF3D}.Debug|ARM.ActiveCfg = Debug|Any CPU
		{3CEB0F31-E2C7-48E2-866A-B4A9C0F3AF3D}.Debug|ARM.Build.0 = Debug|Any CPU
		{3CEB0F31-E2C7-48E2-866A-B4A9C0F3AF3D}.Debug|ARM64.ActiveCfg = Debug|Any CPU
		{3CEB0F31-E2C7-48E2-866A-B4A9C0F3AF3D}.Debug|ARM64.Build.0 = Debug|Any CPU
		{3CEB0F31-E2C7-48E2-866A-B4A9C0F3AF3D}.Debug|x64.ActiveCfg = Debug|Any CPU
		{3CEB0F31-E2C7-48E2-866A-B4A9C0F3AF3D}.Debug|x64.Build.0 = Debug|Any CPU
		{3CEB0F31-E2C7-48E2-866A-B4A9C0F3AF3D}.Debug|x86.ActiveCfg = Debug|Any CPU
		{3CEB0F31-E2C7-48E2-866A-B4A9C0F3AF3D}.Debug|x86.Build.0 = Debug|Any CPU
		{3CEB0F31-E2C7-48E2-866A-B4A9C0F3AF3D}.Release|Any CPU.ActiveCfg = Release|Any CPU
		{3CEB0F31-E2C7-48E2-866A-B4A9C0F3AF3D}.Release|Any CPU.Build.0 = Release|Any CPU
		{3CEB0F31-E2C7-48E2-866A-B4A9C0F3AF3D}.Release|ARM.ActiveCfg = Release|Any CPU
		{3CEB0F31-E2C7-48E2-866A-B4A9C0F3AF3D}.Release|ARM.Build.0 = Release|Any CPU
		{3CEB0F31-E2C7-48E2-866A-B4A9C0F3AF3D}.Release|ARM64.ActiveCfg = Release|Any CPU
		{3CEB0F31-E2C7-48E2-866A-B4A9C0F3AF3D}.Release|ARM64.Build.0 = Release|Any CPU
		{3CEB0F31-E2C7-48E2-866A-B4A9C0F3AF3D}.Release|x64.ActiveCfg = Release|Any CPU
		{3CEB0F31-E2C7-48E2-866A-B4A9C0F3AF3D}.Release|x64.Build.0 = Release|Any CPU
		{3CEB0F31-E2C7-48E2-866A-B4A9C0F3AF3D}.Release|x86.ActiveCfg = Release|Any CPU
		{3CEB0F31-E2C7-48E2-866A-B4A9C0F3AF3D}.Release|x86.Build.0 = Release|Any CPU
		{A904EEFC-C4C1-4FFB-80CC-A7AB6147D218}.Debug|Any CPU.ActiveCfg = Debug|Any CPU
		{A904EEFC-C4C1-4FFB-80CC-A7AB6147D218}.Debug|Any CPU.Build.0 = Debug|Any CPU
		{A904EEFC-C4C1-4FFB-80CC-A7AB6147D218}.Debug|ARM.ActiveCfg = Debug|Any CPU
		{A904EEFC-C4C1-4FFB-80CC-A7AB6147D218}.Debug|ARM.Build.0 = Debug|Any CPU
		{A904EEFC-C4C1-4FFB-80CC-A7AB6147D218}.Debug|ARM64.ActiveCfg = Debug|Any CPU
		{A904EEFC-C4C1-4FFB-80CC-A7AB6147D218}.Debug|ARM64.Build.0 = Debug|Any CPU
		{A904EEFC-C4C1-4FFB-80CC-A7AB6147D218}.Debug|x64.ActiveCfg = Debug|Any CPU
		{A904EEFC-C4C1-4FFB-80CC-A7AB6147D218}.Debug|x64.Build.0 = Debug|Any CPU
		{A904EEFC-C4C1-4FFB-80CC-A7AB6147D218}.Debug|x86.ActiveCfg = Debug|Any CPU
		{A904EEFC-C4C1-4FFB-80CC-A7AB6147D218}.Debug|x86.Build.0 = Debug|Any CPU
		{A904EEFC-C4C1-4FFB-80CC-A7AB6147D218}.Release|Any CPU.ActiveCfg = Release|Any CPU
		{A904EEFC-C4C1-4FFB-80CC-A7AB6147D218}.Release|Any CPU.Build.0 = Release|Any CPU
		{A904EEFC-C4C1-4FFB-80CC-A7AB6147D218}.Release|ARM.ActiveCfg = Release|Any CPU
		{A904EEFC-C4C1-4FFB-80CC-A7AB6147D218}.Release|ARM.Build.0 = Release|Any CPU
		{A904EEFC-C4C1-4FFB-80CC-A7AB6147D218}.Release|ARM64.ActiveCfg = Release|Any CPU
		{A904EEFC-C4C1-4FFB-80CC-A7AB6147D218}.Release|ARM64.Build.0 = Release|Any CPU
		{A904EEFC-C4C1-4FFB-80CC-A7AB6147D218}.Release|x64.ActiveCfg = Release|Any CPU
		{A904EEFC-C4C1-4FFB-80CC-A7AB6147D218}.Release|x64.Build.0 = Release|Any CPU
		{A904EEFC-C4C1-4FFB-80CC-A7AB6147D218}.Release|x86.ActiveCfg = Release|Any CPU
		{A904EEFC-C4C1-4FFB-80CC-A7AB6147D218}.Release|x86.Build.0 = Release|Any CPU
	EndGlobalSection
	GlobalSection(SolutionProperties) = preSolution
		HideSolutionNode = FALSE
	EndGlobalSection
	GlobalSection(ExtensibilityGlobals) = postSolution
		SolutionGuid = {F5B6049E-E3F9-4990-8084-74329189C9D0}
	EndGlobalSection
EndGlobal
